
Microsoft Visual Studio Solution File, Format Version 12.00
# Visual Studio 14
VisualStudioVersion = 14.0.25420.1
MinimumVisualStudioVersion = 10.0.40219.1
Project("{FAE04EC0-301F-11D3-BF4B-00C04F79EFBC}") = "Excella.Vending.Machine", "Excella.Vending.Machine\Excella.Vending.Machine.csproj", "{8E36A4DB-3E86-47F2-BE8D-16FA99774A5B}"
EndProject
Project("{FAE04EC0-301F-11D3-BF4B-00C04F79EFBC}") = "Tests.Unit.Excella.Vending.Machine", "Tests.Unit.Excella.Vending.Machine\Tests.Unit.Excella.Vending.Machine.csproj", "{B7D6A404-AFF5-42AE-AB93-BA1453727935}"
EndProject
Project("{2150E333-8FDC-42A3-9474-1A3956D46DE8}") = "Tests", "Tests", "{23AEF075-D556-4042-8406-F0B91DE0522A}"
EndProject
Project("{2150E333-8FDC-42A3-9474-1A3956D46DE8}") = "Unit", "Unit", "{9D7DBC0C-93C9-49D5-BCB6-49C85108611A}"
EndProject
Project("{FAE04EC0-301F-11D3-BF4B-00C04F79EFBC}") = "Excella.Vending.DAL", "Excella.Vending.DAL\Excella.Vending.DAL.csproj", "{EBF515C8-4C5F-4D6B-80CB-6E124291380A}"
EndProject
Project("{FAE04EC0-301F-11D3-BF4B-00C04F79EFBC}") = "Excella.Vending.Domain", "Excella.Vending.Domain\Excella.Vending.Domain.csproj", "{C9D83304-9C39-4A93-80F8-E0DE8B613693}"
EndProject
Project("{FAE04EC0-301F-11D3-BF4B-00C04F79EFBC}") = "Tests.Unit.Excella.Vending.Domain", "Tests.Unit.Excella.Vending.Domain\Tests.Unit.Excella.Vending.Domain.csproj", "{6C263B4F-E623-4E29-B4CB-3820140FD674}"
EndProject
Project("{2150E333-8FDC-42A3-9474-1A3956D46DE8}") = "Integration", "Integration", "{EC29D2ED-4592-4394-8D51-0BD425E0A86F}"
EndProject
Project("{FAE04EC0-301F-11D3-BF4B-00C04F79EFBC}") = "Tests.Integration.Excella.Vending.Machine", "Tests.Integration.Excella.Vending.Machine\Tests.Integration.Excella.Vending.Machine.csproj", "{FA89FAF4-3978-4C4B-9455-C906C18B8002}"
EndProject
Project("{FAE04EC0-301F-11D3-BF4B-00C04F79EFBC}") = "Excella.Vending.Web.UI", "Excella.Vending.Web.UI\Excella.Vending.Web.UI.csproj", "{E7F2ECFB-8395-482C-9B75-FF7018B8E7BA}"
EndProject
Project("{FAE04EC0-301F-11D3-BF4B-00C04F79EFBC}") = "Tests.Integration.Excella.Vending.Web.UI", "Tests.Integration.Excella.Vending.Web.UI\Tests.Integration.Excella.Vending.Web.UI.csproj", "{5C3BE395-39C3-4B77-BF55-74376DB39CDD}"
EndProject
Project("{2150E333-8FDC-42A3-9474-1A3956D46DE8}") = "Acceptance", "Acceptance", "{F6839537-4617-47A5-8E53-1FCE0739FBAC}"
EndProject
Project("{FAE04EC0-301F-11D3-BF4B-00C04F79EFBC}") = "Tests.Acceptance.Excella.Vending.Machine", "Tests.Acceptance.Excella.Vending.Machine\Tests.Acceptance.Excella.Vending.Machine.csproj", "{2DFE2CA2-C943-4AF6-A78C-E2719432A3E5}"
EndProject
Project("{FAE04EC0-301F-11D3-BF4B-00C04F79EFBC}") = "Tests.Acceptance.Web.Excella.Vending.Machine", "Tests.Acceptance.Web.Excella.Vending.Machine\Tests.Acceptance.Web.Excella.Vending.Machine.csproj", "{A07B179A-6C32-4A98-92BE-8AA96904B66E}"
EndProject
Global
	GlobalSection(SolutionConfigurationPlatforms) = preSolution
		Debug|Any CPU = Debug|Any CPU
		Release|Any CPU = Release|Any CPU
	EndGlobalSection
	GlobalSection(ProjectConfigurationPlatforms) = postSolution
		{8E36A4DB-3E86-47F2-BE8D-16FA99774A5B}.Debug|Any CPU.ActiveCfg = Debug|Any CPU
		{8E36A4DB-3E86-47F2-BE8D-16FA99774A5B}.Debug|Any CPU.Build.0 = Debug|Any CPU
		{8E36A4DB-3E86-47F2-BE8D-16FA99774A5B}.Release|Any CPU.ActiveCfg = Release|Any CPU
		{8E36A4DB-3E86-47F2-BE8D-16FA99774A5B}.Release|Any CPU.Build.0 = Release|Any CPU
		{B7D6A404-AFF5-42AE-AB93-BA1453727935}.Debug|Any CPU.ActiveCfg = Debug|Any CPU
		{B7D6A404-AFF5-42AE-AB93-BA1453727935}.Debug|Any CPU.Build.0 = Debug|Any CPU
		{B7D6A404-AFF5-42AE-AB93-BA1453727935}.Release|Any CPU.ActiveCfg = Release|Any CPU
		{B7D6A404-AFF5-42AE-AB93-BA1453727935}.Release|Any CPU.Build.0 = Release|Any CPU
		{EBF515C8-4C5F-4D6B-80CB-6E124291380A}.Debug|Any CPU.ActiveCfg = Debug|Any CPU
		{EBF515C8-4C5F-4D6B-80CB-6E124291380A}.Debug|Any CPU.Build.0 = Debug|Any CPU
		{EBF515C8-4C5F-4D6B-80CB-6E124291380A}.Release|Any CPU.ActiveCfg = Release|Any CPU
		{EBF515C8-4C5F-4D6B-80CB-6E124291380A}.Release|Any CPU.Build.0 = Release|Any CPU
		{C9D83304-9C39-4A93-80F8-E0DE8B613693}.Debug|Any CPU.ActiveCfg = Debug|Any CPU
		{C9D83304-9C39-4A93-80F8-E0DE8B613693}.Debug|Any CPU.Build.0 = Debug|Any CPU
		{C9D83304-9C39-4A93-80F8-E0DE8B613693}.Release|Any CPU.ActiveCfg = Release|Any CPU
		{C9D83304-9C39-4A93-80F8-E0DE8B613693}.Release|Any CPU.Build.0 = Release|Any CPU
		{6C263B4F-E623-4E29-B4CB-3820140FD674}.Debug|Any CPU.ActiveCfg = Debug|Any CPU
		{6C263B4F-E623-4E29-B4CB-3820140FD674}.Debug|Any CPU.Build.0 = Debug|Any CPU
		{6C263B4F-E623-4E29-B4CB-3820140FD674}.Release|Any CPU.ActiveCfg = Release|Any CPU
		{6C263B4F-E623-4E29-B4CB-3820140FD674}.Release|Any CPU.Build.0 = Release|Any CPU
		{FA89FAF4-3978-4C4B-9455-C906C18B8002}.Debug|Any CPU.ActiveCfg = Debug|Any CPU
		{FA89FAF4-3978-4C4B-9455-C906C18B8002}.Debug|Any CPU.Build.0 = Debug|Any CPU
		{FA89FAF4-3978-4C4B-9455-C906C18B8002}.Release|Any CPU.ActiveCfg = Release|Any CPU
		{FA89FAF4-3978-4C4B-9455-C906C18B8002}.Release|Any CPU.Build.0 = Release|Any CPU
		{E7F2ECFB-8395-482C-9B75-FF7018B8E7BA}.Debug|Any CPU.ActiveCfg = Debug|Any CPU
		{E7F2ECFB-8395-482C-9B75-FF7018B8E7BA}.Debug|Any CPU.Build.0 = Debug|Any CPU
		{E7F2ECFB-8395-482C-9B75-FF7018B8E7BA}.Release|Any CPU.ActiveCfg = Release|Any CPU
		{E7F2ECFB-8395-482C-9B75-FF7018B8E7BA}.Release|Any CPU.Build.0 = Release|Any CPU
		{5C3BE395-39C3-4B77-BF55-74376DB39CDD}.Debug|Any CPU.ActiveCfg = Debug|Any CPU
		{5C3BE395-39C3-4B77-BF55-74376DB39CDD}.Debug|Any CPU.Build.0 = Debug|Any CPU
		{5C3BE395-39C3-4B77-BF55-74376DB39CDD}.Release|Any CPU.ActiveCfg = Release|Any CPU
		{5C3BE395-39C3-4B77-BF55-74376DB39CDD}.Release|Any CPU.Build.0 = Release|Any CPU
		{2DFE2CA2-C943-4AF6-A78C-E2719432A3E5}.Debug|Any CPU.ActiveCfg = Debug|Any CPU
		{2DFE2CA2-C943-4AF6-A78C-E2719432A3E5}.Debug|Any CPU.Build.0 = Debug|Any CPU
		{2DFE2CA2-C943-4AF6-A78C-E2719432A3E5}.Release|Any CPU.ActiveCfg = Release|Any CPU
		{2DFE2CA2-C943-4AF6-A78C-E2719432A3E5}.Release|Any CPU.Build.0 = Release|Any CPU
		{A07B179A-6C32-4A98-92BE-8AA96904B66E}.Debug|Any CPU.ActiveCfg = Debug|Any CPU
		{A07B179A-6C32-4A98-92BE-8AA96904B66E}.Debug|Any CPU.Build.0 = Debug|Any CPU
		{A07B179A-6C32-4A98-92BE-8AA96904B66E}.Release|Any CPU.ActiveCfg = Release|Any CPU
		{A07B179A-6C32-4A98-92BE-8AA96904B66E}.Release|Any CPU.Build.0 = Release|Any CPU
	EndGlobalSection
	GlobalSection(SolutionProperties) = preSolution
		HideSolutionNode = FALSE
	EndGlobalSection
	GlobalSection(NestedProjects) = preSolution
		{B7D6A404-AFF5-42AE-AB93-BA1453727935} = {9D7DBC0C-93C9-49D5-BCB6-49C85108611A}
		{9D7DBC0C-93C9-49D5-BCB6-49C85108611A} = {23AEF075-D556-4042-8406-F0B91DE0522A}
		{6C263B4F-E623-4E29-B4CB-3820140FD674} = {9D7DBC0C-93C9-49D5-BCB6-49C85108611A}
		{EC29D2ED-4592-4394-8D51-0BD425E0A86F} = {23AEF075-D556-4042-8406-F0B91DE0522A}
		{FA89FAF4-3978-4C4B-9455-C906C18B8002} = {EC29D2ED-4592-4394-8D51-0BD425E0A86F}
		{5C3BE395-39C3-4B77-BF55-74376DB39CDD} = {EC29D2ED-4592-4394-8D51-0BD425E0A86F}
		{F6839537-4617-47A5-8E53-1FCE0739FBAC} = {23AEF075-D556-4042-8406-F0B91DE0522A}
		{2DFE2CA2-C943-4AF6-A78C-E2719432A3E5} = {F6839537-4617-47A5-8E53-1FCE0739FBAC}
		{A07B179A-6C32-4A98-92BE-8AA96904B66E} = {F6839537-4617-47A5-8E53-1FCE0739FBAC}
	EndGlobalSection
EndGlobal
